// !$*UTF8*$!
{
	archiveVersion = 1;
	classes = {
	};
	objectVersion = 77;
	objects = {

/* Begin PBXBuildFile section */
		0E5231D18797518A6D495A7B /* ChitalkaApp.swift in Sources */ = {isa = PBXBuildFile; fileRef = C8EAFEF46CDDC98296133F96 /* ChitalkaApp.swift */; };
		0EEBB2539FE6B3328B227B6B /* TrialGuard.swift in Sources */ = {isa = PBXBuildFile; fileRef = 21FD485D2DDCB6A7B526C066 /* TrialGuard.swift */; };
		150EAB580A7EF2F812A337D5 /* LibraryView.swift in Sources */ = {isa = PBXBuildFile; fileRef = DD6C5023867CDC672ECAB41D /* LibraryView.swift */; };
		1EA5E107A1F3CA5F54EBFE1F /* ru-en.sqlite in Resources */ = {isa = PBXBuildFile; fileRef = 99915A05C60972A76734E29E /* ru-en.sqlite */; };
		327835EE8D0982FDC3851386 /* BookImporter.swift in Sources */ = {isa = PBXBuildFile; fileRef = 6D2C40804614A96EAD4D77FB /* BookImporter.swift */; };
		3868DF209C7C821AEAECA37C /* Theme.swift in Sources */ = {isa = PBXBuildFile; fileRef = 0D243E142E344AA49880EC34 /* Theme.swift */; };
		3AD9C0FB5C0EA151FBD45E87 /* Book.swift in Sources */ = {isa = PBXBuildFile; fileRef = 56CC2811A2BC4215F63C4518 /* Book.swift */; };
		3E6E3EDA89FE8C4E7F2BE240 /* PrivacyInfo.xcprivacy in Resources */ = {isa = PBXBuildFile; fileRef = B0D02BC06AF756A2CBE278D4 /* PrivacyInfo.xcprivacy */; };
		450853BB89A668AE5D1A4251 /* SettingsView.swift in Sources */ = {isa = PBXBuildFile; fileRef = B68B115E080423D67B205504 /* SettingsView.swift */; };
		4DC1ED335FD2BE47A313E06E /* PurchaseStore.swift in Sources */ = {isa = PBXBuildFile; fileRef = D513A8FB93929B4FA9FB2544 /* PurchaseStore.swift */; };
		50776225204EAF9AF895653F /* WordCard.swift in Sources */ = {isa = PBXBuildFile; fileRef = 47F44034618BA9568A37734F /* WordCard.swift */; };
		665F9FC0990F2E1F4070622C /* PaywallView.swift in Sources */ = {isa = PBXBuildFile; fileRef = 26C93D8C645DAF7A7D81C4D5 /* PaywallView.swift */; };
		7C6DE0C843052824A651D86D /* BookLayout.swift in Sources */ = {isa = PBXBuildFile; fileRef = 877B0A8CD14B1AF06307FECD /* BookLayout.swift */; };
		7CF42D39462BD98CC8158F2D /* VocabularyView.swift in Sources */ = {isa = PBXBuildFile; fileRef = 89E26D753C6C2FB66B2DF573 /* VocabularyView.swift */; };
		7DADEFB0620A57A08DC7488A /* ZIPFoundation in Frameworks */ = {isa = PBXBuildFile; productRef = 890B8B07B6C97D218C421471 /* ZIPFoundation */; };
		807471558F7C949CCC1662B8 /* ReaderCore in Frameworks */ = {isa = PBXBuildFile; productRef = 3291F531ADB9042F0CB58D9F /* ReaderCore */; };
		8F721976A1B61F4E004198D0 /* PercentRing.swift in Sources */ = {isa = PBXBuildFile; fileRef = 0B256CD44B048180CFFF4E40 /* PercentRing.swift */; };
		9DF61E9164B01404F259316E /* PageView.swift in Sources */ = {isa = PBXBuildFile; fileRef = EE0863548F98F3CBD13F46B1 /* PageView.swift */; };
		9E9A44FB16A6A0FA8968A78C /* ReaderView.swift in Sources */ = {isa = PBXBuildFile; fileRef = 8747783E324B5B149547FAA5 /* ReaderView.swift */; };
		A99025800EE67DBB483CCD5D /* KeychainStore.swift in Sources */ = {isa = PBXBuildFile; fileRef = 0340D14B2DE5092C5DCD3470 /* KeychainStore.swift */; };
		CF0E1F1270FEA31202033955 /* LibraryService.swift in Sources */ = {isa = PBXBuildFile; fileRef = 89A9540A8A92A95419DC88B1 /* LibraryService.swift */; };
		CFA61C34DC5DE6768F3C5540 /* Assets.xcassets in Resources */ = {isa = PBXBuildFile; fileRef = 84D57D0BDDA46D66577212FD /* Assets.xcassets */; };
/* End PBXBuildFile section */

/* Begin PBXFileReference section */
		0340D14B2DE5092C5DCD3470 /* KeychainStore.swift */ = {isa = PBXFileReference; lastKnownFileType = sourcecode.swift; path = KeychainStore.swift; sourceTree = "<group>"; };
		0B256CD44B048180CFFF4E40 /* PercentRing.swift */ = {isa = PBXFileReference; lastKnownFileType = sourcecode.swift; path = PercentRing.swift; sourceTree = "<group>"; };
		0D243E142E344AA49880EC34 /* Theme.swift */ = {isa = PBXFileReference; lastKnownFileType = sourcecode.swift; path = Theme.swift; sourceTree = "<group>"; };
		21FD485D2DDCB6A7B526C066 /* TrialGuard.swift */ = {isa = PBXFileReference; lastKnownFileType = sourcecode.swift; path = TrialGuard.swift; sourceTree = "<group>"; };
		25623209A7281C6BE60638A5 /* Chitalka.app */ = {isa = PBXFileReference; includeInIndex = 0; lastKnownFileType = wrapper.application; path = Chitalka.app; sourceTree = BUILT_PRODUCTS_DIR; };
		26C93D8C645DAF7A7D81C4D5 /* PaywallView.swift */ = {isa = PBXFileReference; lastKnownFileType = sourcecode.swift; path = PaywallView.swift; sourceTree = "<group>"; };
		47F44034618BA9568A37734F /* WordCard.swift */ = {isa = PBXFileReference; lastKnownFileType = sourcecode.swift; path = WordCard.swift; sourceTree = "<group>"; };
		56CC2811A2BC4215F63C4518 /* Book.swift */ = {isa = PBXFileReference; lastKnownFileType = sourcecode.swift; path = Book.swift; sourceTree = "<group>"; };
		6D2C40804614A96EAD4D77FB /* BookImporter.swift */ = {isa = PBXFileReference; lastKnownFileType = sourcecode.swift; path = BookImporter.swift; sourceTree = "<group>"; };
		84D57D0BDDA46D66577212FD /* Assets.xcassets */ = {isa = PBXFileReference; lastKnownFileType = folder.assetcatalog; path = Assets.xcassets; sourceTree = "<group>"; };
		8747783E324B5B149547FAA5 /* ReaderView.swift */ = {isa = PBXFileReference; lastKnownFileType = sourcecode.swift; path = ReaderView.swift; sourceTree = "<group>"; };
		877B0A8CD14B1AF06307FECD /* BookLayout.swift */ = {isa = PBXFileReference; lastKnownFileType = sourcecode.swift; path = BookLayout.swift; sourceTree = "<group>"; };
		89A9540A8A92A95419DC88B1 /* LibraryService.swift */ = {isa = PBXFileReference; lastKnownFileType = sourcecode.swift; path = LibraryService.swift; sourceTree = "<group>"; };
		89E26D753C6C2FB66B2DF573 /* VocabularyView.swift */ = {isa = PBXFileReference; lastKnownFileType = sourcecode.swift; path = VocabularyView.swift; sourceTree = "<group>"; };
		99915A05C60972A76734E29E /* ru-en.sqlite */ = {isa = PBXFileReference; lastKnownFileType = file; path = "ru-en.sqlite"; sourceTree = "<group>"; };
		B0D02BC06AF756A2CBE278D4 /* PrivacyInfo.xcprivacy */ = {isa = PBXFileReference; path = PrivacyInfo.xcprivacy; sourceTree = "<group>"; };
		B68B115E080423D67B205504 /* SettingsView.swift */ = {isa = PBXFileReference; lastKnownFileType = sourcecode.swift; path = SettingsView.swift; sourceTree = "<group>"; };
		C8EAFEF46CDDC98296133F96 /* ChitalkaApp.swift */ = {isa = PBXFileReference; lastKnownFileType = sourcecode.swift; path = ChitalkaApp.swift; sourceTree = "<group>"; };
		D39781AA1A769A8E71988CBE /* Core */ = {isa = PBXFileReference; lastKnownFileType = folder; name = Core; path = ../Core; sourceTree = SOURCE_ROOT; };
		D44E27A0DB169303D377174A /* Info.plist */ = {isa = PBXFileReference; lastKnownFileType = text.plist; path = Info.plist; sourceTree = "<group>"; };
		D513A8FB93929B4FA9FB2544 /* PurchaseStore.swift */ = {isa = PBXFileReference; lastKnownFileType = sourcecode.swift; path = PurchaseStore.swift; sourceTree = "<group>"; };
		DD6C5023867CDC672ECAB41D /* LibraryView.swift */ = {isa = PBXFileReference; lastKnownFileType = sourcecode.swift; path = LibraryView.swift; sourceTree = "<group>"; };
		EE0863548F98F3CBD13F46B1 /* PageView.swift */ = {isa = PBXFileReference; lastKnownFileType = sourcecode.swift; path = PageView.swift; sourceTree = "<group>"; };
/* End PBXFileReference section */

/* Begin PBXFrameworksBuildPhase section */
		8B03992840AF64AAFF8E5A0D /* Frameworks */ = {
			isa = PBXFrameworksBuildPhase;
			buildActionMask = 2147483647;
			files = (
				807471558F7C949CCC1662B8 /* ReaderCore in Frameworks */,
				7DADEFB0620A57A08DC7488A /* ZIPFoundation in Frameworks */,
			);
			runOnlyForDeploymentPostprocessing = 0;
		};
/* End PBXFrameworksBuildPhase section */

/* Begin PBXGroup section */
		18A46066E3EEBDDB02D9FA85 /* ReaderEn */ = {
			isa = PBXGroup;
			children = (
				C6315BEAD7E40C15AEC99A2A /* Data */,
			);
			name = ReaderEn;
			path = ..;
			sourceTree = "<group>";
		};
		1B05A8FA6C637C05E9F91BBF /* Models */ = {
			isa = PBXGroup;
			children = (
				56CC2811A2BC4215F63C4518 /* Book.swift */,
			);
			path = Models;
			sourceTree = "<group>";
		};
		6B080672378DC0A943D0D5E3 /* Services */ = {
			isa = PBXGroup;
			children = (
				0340D14B2DE5092C5DCD3470 /* KeychainStore.swift */,
				89A9540A8A92A95419DC88B1 /* LibraryService.swift */,
				D513A8FB93929B4FA9FB2544 /* PurchaseStore.swift */,
				21FD485D2DDCB6A7B526C066 /* TrialGuard.swift */,
			);
			path = Services;
			sourceTree = "<group>";
		};
		7407D8506048F70DD7E3024F /* Import */ = {
			isa = PBXGroup;
			children = (
				6D2C40804614A96EAD4D77FB /* BookImporter.swift */,
			);
			path = Import;
			sourceTree = "<group>";
		};
		787A323B8D93AC3E374992F7 = {
			isa = PBXGroup;
			children = (
				7AB5F18AB45196B9F21F6342 /* Chitalka */,
				95568EE3D8636A28C9BCA823 /* Packages */,
				18A46066E3EEBDDB02D9FA85 /* ReaderEn */,
				F5CCA999CDD26A013B4E6647 /* Products */,
			);
			sourceTree = "<group>";
		};
		7AB5F18AB45196B9F21F6342 /* Chitalka */ = {
			isa = PBXGroup;
			children = (
				84D57D0BDDA46D66577212FD /* Assets.xcassets */,
				C8EAFEF46CDDC98296133F96 /* ChitalkaApp.swift */,
				D44E27A0DB169303D377174A /* Info.plist */,
				B0D02BC06AF756A2CBE278D4 /* PrivacyInfo.xcprivacy */,
				7407D8506048F70DD7E3024F /* Import */,
				1B05A8FA6C637C05E9F91BBF /* Models */,
				6B080672378DC0A943D0D5E3 /* Services */,
				C9C04659D65B8ED4E4802A24 /* Theme */,
				AE4AE8BE95169463F335B4DE /* Views */,
			);
			path = Chitalka;
			sourceTree = "<group>";
		};
		95568EE3D8636A28C9BCA823 /* Packages */ = {
			isa = PBXGroup;
			children = (
				D39781AA1A769A8E71988CBE /* Core */,
			);
			name = Packages;
			sourceTree = "<group>";
		};
		AE4AE8BE95169463F335B4DE /* Views */ = {
			isa = PBXGroup;
			children = (
				877B0A8CD14B1AF06307FECD /* BookLayout.swift */,
				DD6C5023867CDC672ECAB41D /* LibraryView.swift */,
				EE0863548F98F3CBD13F46B1 /* PageView.swift */,
				26C93D8C645DAF7A7D81C4D5 /* PaywallView.swift */,
				0B256CD44B048180CFFF4E40 /* PercentRing.swift */,
				8747783E324B5B149547FAA5 /* ReaderView.swift */,
				B68B115E080423D67B205504 /* SettingsView.swift */,
				89E26D753C6C2FB66B2DF573 /* VocabularyView.swift */,
				47F44034618BA9568A37734F /* WordCard.swift */,
			);
			path = Views;
			sourceTree = "<group>";
		};
		C6315BEAD7E40C15AEC99A2A /* Data */ = {
			isa = PBXGroup;
			children = (
				99915A05C60972A76734E29E /* ru-en.sqlite */,
			);
			path = Data;
			sourceTree = "<group>";
		};
		C9C04659D65B8ED4E4802A24 /* Theme */ = {
			isa = PBXGroup;
			children = (
				0D243E142E344AA49880EC34 /* Theme.swift */,
			);
			path = Theme;
			sourceTree = "<group>";
		};
		F5CCA999CDD26A013B4E6647 /* Products */ = {
			isa = PBXGroup;
			children = (
				25623209A7281C6BE60638A5 /* Chitalka.app */,
			);
			name = Products;
			sourceTree = "<group>";
		};
/* End PBXGroup section */

/* Begin PBXNativeTarget section */
		49D5320009365829124CC8AC /* Chitalka */ = {
			isa = PBXNativeTarget;
			buildConfigurationList = BDF2D66418DE54C478C9E9DC /* Build configuration list for PBXNativeTarget "Chitalka" */;
			buildPhases = (
				B4471C6F3F5BECF98040BD18 /* Sources */,
				784FE0FBA7CC118EF1A96018 /* Resources */,
				8B03992840AF64AAFF8E5A0D /* Frameworks */,
			);
			buildRules = (
			);
			dependencies = (
			);
			name = Chitalka;
			packageProductDependencies = (
				3291F531ADB9042F0CB58D9F /* ReaderCore */,
				890B8B07B6C97D218C421471 /* ZIPFoundation */,
			);
			productName = Chitalka;
			productReference = 25623209A7281C6BE60638A5 /* Chitalka.app */;
			productType = "com.apple.product-type.application";
		};
/* End PBXNativeTarget section */

/* Begin PBXProject section */
		76FC356B96DF9A8D95FF570D /* Project object */ = {
			isa = PBXProject;
			attributes = {
				BuildIndependentTargetsInParallel = YES;
				LastUpgradeCheck = 1430;
				TargetAttributes = {
				};
			};
			buildConfigurationList = 51FD19918E36420A0D419E3E /* Build configuration list for PBXProject "Chitalka" */;
			developmentRegion = ru;
			hasScannedForEncodings = 0;
			knownRegions = (
				Base,
				ru,
			);
			mainGroup = 787A323B8D93AC3E374992F7;
			minimizedProjectReferenceProxies = 1;
			packageReferences = (
				90DB66B02FA082D2318422BC /* XCRemoteSwiftPackageReference "ZIPFoundation" */,
				9C3D87C5E9946C692E92EC77 /* XCLocalSwiftPackageReference "../Core" */,
			);
			preferredProjectObjectVersion = 77;
			productRefGroup = F5CCA999CDD26A013B4E6647 /* Products */;
			projectDirPath = "";
			projectRoot = "";
			targets = (
				49D5320009365829124CC8AC /* Chitalka */,
			);
		};
/* End PBXProject section */

/* Begin PBXResourcesBuildPhase section */
		784FE0FBA7CC118EF1A96018 /* Resources */ = {
			isa = PBXResourcesBuildPhase;
			buildActionMask = 2147483647;
			files = (
				CFA61C34DC5DE6768F3C5540 /* Assets.xcassets in Resources */,
				3E6E3EDA89FE8C4E7F2BE240 /* PrivacyInfo.xcprivacy in Resources */,
				1EA5E107A1F3CA5F54EBFE1F /* ru-en.sqlite in Resources */,
			);
			runOnlyForDeploymentPostprocessing = 0;
		};
/* End PBXResourcesBuildPhase section */

/* Begin PBXSourcesBuildPhase section */
		B4471C6F3F5BECF98040BD18 /* Sources */ = {
			isa = PBXSourcesBuildPhase;
			buildActionMask = 2147483647;
			files = (
				3AD9C0FB5C0EA151FBD45E87 /* Book.swift in Sources */,
				327835EE8D0982FDC3851386 /* BookImporter.swift in Sources */,
				7C6DE0C843052824A651D86D /* BookLayout.swift in Sources */,
				0E5231D18797518A6D495A7B /* ChitalkaApp.swift in Sources */,
				A99025800EE67DBB483CCD5D /* KeychainStore.swift in Sources */,
				CF0E1F1270FEA31202033955 /* LibraryService.swift in Sources */,
				150EAB580A7EF2F812A337D5 /* LibraryView.swift in Sources */,
				9DF61E9164B01404F259316E /* PageView.swift in Sources */,
				665F9FC0990F2E1F4070622C /* PaywallView.swift in Sources */,
				8F721976A1B61F4E004198D0 /* PercentRing.swift in Sources */,
				4DC1ED335FD2BE47A313E06E /* PurchaseStore.swift in Sources */,
				9E9A44FB16A6A0FA8968A78C /* ReaderView.swift in Sources */,
				450853BB89A668AE5D1A4251 /* SettingsView.swift in Sources */,
				3868DF209C7C821AEAECA37C /* Theme.swift in Sources */,
				0EEBB2539FE6B3328B227B6B /* TrialGuard.swift in Sources */,
				7CF42D39462BD98CC8158F2D /* VocabularyView.swift in Sources */,
				50776225204EAF9AF895653F /* WordCard.swift in Sources */,
			);
			runOnlyForDeploymentPostprocessing = 0;
		};
/* End PBXSourcesBuildPhase section */

/* Begin XCBuildConfiguration section */
		3D162D7235B5F13E5E997780 /* Release */ = {
			isa = XCBuildConfiguration;
			buildSettings = {
				ASSETCATALOG_COMPILER_APPICON_NAME = AppIcon;
				ASSETCATALOG_COMPILER_GLOBAL_ACCENT_COLOR_NAME = AccentColor;
				CODE_SIGNING_ALLOWED = NO;
				CODE_SIGN_IDENTITY = "iPhone Developer";
				CURRENT_PROJECT_VERSION = 1;
				DEVELOPMENT_ASSET_PATHS = "";
				INFOPLIST_FILE = Chitalka/Info.plist;
				LD_RUNPATH_SEARCH_PATHS = (
					"$(inherited)",
					"@executable_path/Frameworks",
				);
				MARKETING_VERSION = 1.0;
				PRODUCT_BUNDLE_IDENTIFIER = com.chitalka.app;
				SDKROOT = iphoneos;
				SWIFT_VERSION = 5.9;
				TARGETED_DEVICE_FAMILY = 1;
			};
			name = Release;
		};
		4FB540DF497CF0305F72879F /* Debug */ = {
			isa = XCBuildConfiguration;
			buildSettings = {
				ALWAYS_SEARCH_USER_PATHS = NO;
				CLANG_ANALYZER_NONNULL = YES;
				CLANG_ANALYZER_NUMBER_OBJECT_CONVERSION = YES_AGGRESSIVE;
				CLANG_CXX_LANGUAGE_STANDARD = "gnu++14";
				CLANG_CXX_LIBRARY = "libc++";
				CLANG_ENABLE_MODULES = YES;
				CLANG_ENABLE_OBJC_ARC = YES;
				CLANG_ENABLE_OBJC_WEAK = YES;
				CLANG_WARN_BLOCK_CAPTURE_AUTORELEASING = YES;
				CLANG_WARN_BOOL_CONVERSION = YES;
				CLANG_WARN_COMMA = YES;
				CLANG_WARN_CONSTANT_CONVERSION = YES;
				CLANG_WARN_DEPRECATED_OBJC_IMPLEMENTATIONS = YES;
				CLANG_WARN_DIRECT_OBJC_ISA_USAGE = YES_ERROR;
				CLANG_WARN_DOCUMENTATION_COMMENTS = YES;
				CLANG_WARN_EMPTY_BODY = YES;
				CLANG_WARN_ENUM_CONVERSION = YES;
				CLANG_WARN_INFINITE_RECURSION = YES;
				CLANG_WARN_INT_CONVERSION = YES;
				CLANG_WARN_NON_LITERAL_NULL_CONVERSION = YES;
				CLANG_WARN_OBJC_IMPLICIT_RETAIN_SELF = YES;
				CLANG_WARN_OBJC_LITERAL_CONVERSION = YES;
				CLANG_WARN_OBJC_ROOT_CLASS = YES_ERROR;
				CLANG_WARN_QUOTED_INCLUDE_IN_FRAMEWORK_HEADER = YES;
				CLANG_WARN_RANGE_LOOP_ANALYSIS = YES;
				CLANG_WARN_STRICT_PROTOTYPES = YES;
				CLANG_WARN_SUSPICIOUS_MOVE = YES;
				CLANG_WARN_UNGUARDED_AVAILABILITY = YES_AGGRESSIVE;
				CLANG_WARN_UNREACHABLE_CODE = YES;
				CLANG_WARN__DUPLICATE_METHOD_MATCH = YES;
				COPY_PHASE_STRIP = NO;
				DEBUG_INFORMATION_FORMAT = dwarf;
				ENABLE_STRICT_OBJC_MSGSEND = YES;
				ENABLE_TESTABILITY = YES;
				GCC_C_LANGUAGE_STANDARD = gnu11;
				GCC_DYNAMIC_NO_PIC = NO;
				GCC_NO_COMMON_BLOCKS = YES;
				GCC_OPTIMIZATION_LEVEL = 0;
				GCC_PREPROCESSOR_DEFINITIONS = (
					"$(inherited)",
					"DEBUG=1",
				);
				GCC_WARN_64_TO_32_BIT_CONVERSION = YES;
				GCC_WARN_ABOUT_RETURN_TYPE = YES_ERROR;
				GCC_WARN_UNDECLARED_SELECTOR = YES;
				GCC_WARN_UNINITIALIZED_AUTOS = YES_AGGRESSIVE;
				GCC_WARN_UNUSED_FUNCTION = YES;
				GCC_WARN_UNUSED_VARIABLE = YES;
				IPHONEOS_DEPLOYMENT_TARGET = 17.0;
				MTL_ENABLE_DEBUG_INFO = INCLUDE_SOURCE;
				MTL_FAST_MATH = YES;
				ONLY_ACTIVE_ARCH = YES;
				PRODUCT_NAME = "$(TARGET_NAME)";
				SDKROOT = iphoneos;
				SWIFT_ACTIVE_COMPILATION_CONDITIONS = DEBUG;
				SWIFT_OPTIMIZATION_LEVEL = "-Onone";
				SWIFT_VERSION = 5.0;
			};
			name = Debug;
		};
		80127C5BB492534964337BA5 /* Release */ = {
			isa = XCBuildConfiguration;
			buildSettings = {
				ALWAYS_SEARCH_USER_PATHS = NO;
				CLANG_ANALYZER_NONNULL = YES;
				CLANG_ANALYZER_NUMBER_OBJECT_CONVERSION = YES_AGGRESSIVE;
				CLANG_CXX_LANGUAGE_STANDARD = "gnu++14";
				CLANG_CXX_LIBRARY = "libc++";
				CLANG_ENABLE_MODULES = YES;
				CLANG_ENABLE_OBJC_ARC = YES;
				CLANG_ENABLE_OBJC_WEAK = YES;
				CLANG_WARN_BLOCK_CAPTURE_AUTORELEASING = YES;
				CLANG_WARN_BOOL_CONVERSION = YES;
				CLANG_WARN_COMMA = YES;
				CLANG_WARN_CONSTANT_CONVERSION = YES;
				CLANG_WARN_DEPRECATED_OBJC_IMPLEMENTATIONS = YES;
				CLANG_WARN_DIRECT_OBJC_ISA_USAGE = YES_ERROR;
				CLANG_WARN_DOCUMENTATION_COMMENTS = YES;
				CLANG_WARN_EMPTY_BODY = YES;
				CLANG_WARN_ENUM_CONVERSION = YES;
				CLANG_WARN_INFINITE_RECURSION = YES;
				CLANG_WARN_INT_CONVERSION = YES;
				CLANG_WARN_NON_LITERAL_NULL_CONVERSION = YES;
				CLANG_WARN_OBJC_IMPLICIT_RETAIN_SELF = YES;
				CLANG_WARN_OBJC_LITERAL_CONVERSION = YES;
				CLANG_WARN_OBJC_ROOT_CLASS = YES_ERROR;
				CLANG_WARN_QUOTED_INCLUDE_IN_FRAMEWORK_HEADER = YES;
				CLANG_WARN_RANGE_LOOP_ANALYSIS = YES;
				CLANG_WARN_STRICT_PROTOTYPES = YES;
				CLANG_WARN_SUSPICIOUS_MOVE = YES;
				CLANG_WARN_UNGUARDED_AVAILABILITY = YES_AGGRESSIVE;
				CLANG_WARN_UNREACHABLE_CODE = YES;
				CLANG_WARN__DUPLICATE_METHOD_MATCH = YES;
				COPY_PHASE_STRIP = NO;
				DEBUG_INFORMATION_FORMAT = "dwarf-with-dsym";
				ENABLE_NS_ASSERTIONS = NO;
				ENABLE_STRICT_OBJC_MSGSEND = YES;
				GCC_C_LANGUAGE_STANDARD = gnu11;
				GCC_NO_COMMON_BLOCKS = YES;
				GCC_WARN_64_TO_32_BIT_CONVERSION = YES;
				GCC_WARN_ABOUT_RETURN_TYPE = YES_ERROR;
				GCC_WARN_UNDECLARED_SELECTOR = YES;
				GCC_WARN_UNINITIALIZED_AUTOS = YES_AGGRESSIVE;
				GCC_WARN_UNUSED_FUNCTION = YES;
				GCC_WARN_UNUSED_VARIABLE = YES;
				IPHONEOS_DEPLOYMENT_TARGET = 17.0;
				MTL_ENABLE_DEBUG_INFO = NO;
				MTL_FAST_MATH = YES;
				PRODUCT_NAME = "$(TARGET_NAME)";
				SDKROOT = iphoneos;
				SWIFT_COMPILATION_MODE = wholemodule;
				SWIFT_OPTIMIZATION_LEVEL = "-O";
				SWIFT_VERSION = 5.0;
			};
			name = Release;
		};
		B93314E1B7B68719A6B69324 /* Debug */ = {
			isa = XCBuildConfiguration;
			buildSettings = {
				ASSETCATALOG_COMPILER_APPICON_NAME = AppIcon;
				ASSETCATALOG_COMPILER_GLOBAL_ACCENT_COLOR_NAME = AccentColor;
				CODE_SIGNING_ALLOWED = NO;
				CODE_SIGN_IDENTITY = "iPhone Developer";
				CURRENT_PROJECT_VERSION = 1;
				DEVELOPMENT_ASSET_PATHS = "";
				INFOPLIST_FILE = Chitalka/Info.plist;
				LD_RUNPATH_SEARCH_PATHS = (
					"$(inherited)",
					"@executable_path/Frameworks",
				);
				MARKETING_VERSION = 1.0;
				PRODUCT_BUNDLE_IDENTIFIER = com.chitalka.app;
				SDKROOT = iphoneos;
				SWIFT_VERSION = 5.9;
				TARGETED_DEVICE_FAMILY = 1;
			};
			name = Debug;
		};
/* End XCBuildConfiguration section */

/* Begin XCConfigurationList section */
		51FD19918E36420A0D419E3E /* Build configuration list for PBXProject "Chitalka" */ = {
			isa = XCConfigurationList;
			buildConfigurations = (
				4FB540DF497CF0305F72879F /* Debug */,
				80127C5BB492534964337BA5 /* Release */,
			);
			defaultConfigurationIsVisible = 0;
			defaultConfigurationName = Debug;
		};
		BDF2D66418DE54C478C9E9DC /* Build configuration list for PBXNativeTarget "Chitalka" */ = {
			isa = XCConfigurationList;
			buildConfigurations = (
				B93314E1B7B68719A6B69324 /* Debug */,
				3D162D7235B5F13E5E997780 /* Release */,
			);
			defaultConfigurationIsVisible = 0;
			defaultConfigurationName = Debug;
		};
/* End XCConfigurationList section */

/* Begin XCLocalSwiftPackageReference section */
		9C3D87C5E9946C692E92EC77 /* XCLocalSwiftPackageReference "../Core" */ = {
			isa = XCLocalSwiftPackageReference;
			relativePath = ../Core;
		};
/* End XCLocalSwiftPackageReference section */

/* Begin XCRemoteSwiftPackageReference section */
		90DB66B02FA082D2318422BC /* XCRemoteSwiftPackageReference "ZIPFoundation" */ = {
			isa = XCRemoteSwiftPackageReference;
			repositoryURL = "https://github.com/weichsel/ZIPFoundation";
			requirement = {
				kind = upToNextMajorVersion;
				minimumVersion = 0.9.0;
			};
		};
/* End XCRemoteSwiftPackageReference section */

/* Begin XCSwiftPackageProductDependency section */
		3291F531ADB9042F0CB58D9F /* ReaderCore */ = {
			isa = XCSwiftPackageProductDependency;
			productName = ReaderCore;
		};
		890B8B07B6C97D218C421471 /* ZIPFoundation */ = {
			isa = XCSwiftPackageProductDependency;
			package = 90DB66B02FA082D2318422BC /* XCRemoteSwiftPackageReference "ZIPFoundation" */;
			productName = ZIPFoundation;
		};
/* End XCSwiftPackageProductDependency section */
	};
	rootObject = 76FC356B96DF9A8D95FF570D /* Project object */;
}
